
Microsoft Visual Studio Solution File, Format Version 12.00
# Visual Studio Version 17
VisualStudioVersion = 17.6.33815.320
MinimumVisualStudioVersion = 10.0.40219.1
Project("{FAE04EC0-301F-11D3-BF4B-00C04F79EFBC}") = "Calculadora2", "Calculadora2.csproj", "{65245A64-BAE9-400B-A724-549DCA86FEC4}"
EndProject
Global
	GlobalSection(SolutionConfigurationPlatforms) = preSolution
		Debug|Any CPU = Debug|Any CPU
		Release|Any CPU = Release|Any CPU
	EndGlobalSection
	GlobalSection(ProjectConfigurationPlatforms) = postSolution
		{65245A64-BAE9-400B-A724-549DCA86FEC4}.Debug|Any CPU.ActiveCfg = Debug|Any CPU
		{65245A64-BAE9-400B-A724-549DCA86FEC4}.Debug|Any CPU.Build.0 = Debug|Any CPU
		{65245A64-BAE9-400B-A724-549DCA86FEC4}.Release|Any CPU.ActiveCfg = Release|Any CPU
		{65245A64-BAE9-400B-A724-549DCA86FEC4}.Release|Any CPU.Build.0 = Release|Any CPU
	EndGlobalSection
	GlobalSection(SolutionProperties) = preSolution
		HideSolutionNode = FALSE
	EndGlobalSection
	GlobalSection(ExtensibilityGlobals) = postSolution
		SolutionGuid = {F71C633B-B8C4-4B47-830C-06A12156F18D}
	EndGlobalSection
EndGlobal
